
Microsoft Visual Studio Solution File, Format Version 12.00
# Visual Studio Version 17
VisualStudioVersion = 17.9.34616.47
MinimumVisualStudioVersion = 10.0.40219.1
Project("{9A19103F-16F7-4668-BE54-9A1E7A4F7556}") = "WorkoutPlanner", "WorkoutPlanner\WorkoutPlanner.csproj", "{18FB65A9-132A-465F-9EFA-5237CC5ED127}"
EndProject
Global
	GlobalSection(SolutionConfigurationPlatforms) = preSolution
		Debug|Any CPU = Debug|Any CPU
		Release|Any CPU = Release|Any CPU
	EndGlobalSection
	GlobalSection(ProjectConfigurationPlatforms) = postSolution
		{18FB65A9-132A-465F-9EFA-5237CC5ED127}.Debug|Any CPU.ActiveCfg = Debug|Any CPU
		{18FB65A9-132A-465F-9EFA-5237CC5ED127}.Debug|Any CPU.Build.0 = Debug|Any CPU
		{18FB65A9-132A-465F-9EFA-5237CC5ED127}.Release|Any CPU.ActiveCfg = Release|Any CPU
		{18FB65A9-132A-465F-9EFA-5237CC5ED127}.Release|Any CPU.Build.0 = Release|Any CPU
	EndGlobalSection
	GlobalSection(SolutionProperties) = preSolution
		HideSolutionNode = FALSE
	EndGlobalSection
	GlobalSection(ExtensibilityGlobals) = postSolution
		SolutionGuid = {A548269F-6F0E-4F11-BE56-9F58CB90E43B}
	EndGlobalSection
EndGlobal
